
Microsoft Visual Studio Solution File, Format Version 12.00
# Visual Studio 15
VisualStudioVersion = 15.0.28307.168
MinimumVisualStudioVersion = 10.0.40219.1
Project("{FAE04EC0-301F-11D3-BF4B-00C04F79EFBC}") = "CodiceFiscaleClassi", "CodiceFiscale\CodiceFiscaleClassi.csproj", "{A07A647C-A18D-4F9E-ADA2-49FBB967ED5E}"
EndProject
Global
	GlobalSection(SolutionConfigurationPlatforms) = preSolution
		Debug|Any CPU = Debug|Any CPU
		Release|Any CPU = Release|Any CPU
	EndGlobalSection
	GlobalSection(ProjectConfigurationPlatforms) = postSolution
		{A07A647C-A18D-4F9E-ADA2-49FBB967ED5E}.Debug|Any CPU.ActiveCfg = Debug|Any CPU
		{A07A647C-A18D-4F9E-ADA2-49FBB967ED5E}.Debug|Any CPU.Build.0 = Debug|Any CPU
		{A07A647C-A18D-4F9E-ADA2-49FBB967ED5E}.Release|Any CPU.ActiveCfg = Release|Any CPU
		{A07A647C-A18D-4F9E-ADA2-49FBB967ED5E}.Release|Any CPU.Build.0 = Release|Any CPU
	EndGlobalSection
	GlobalSection(SolutionProperties) = preSolution
		HideSolutionNode = FALSE
	EndGlobalSection
	GlobalSection(ExtensibilityGlobals) = postSolution
		SolutionGuid = {D0F66C0A-F734-48A5-AC0E-8A0633209810}
	EndGlobalSection
EndGlobal
